
Microsoft Visual Studio Solution File, Format Version 12.00
Project("{FAE04EC0-301F-11D3-BF4B-00C04F79EFBC}") = "Kafka.Example", "Kafka.Example\Kafka.Example.csproj", "{EF642351-72A6-458B-8DED-2CC4A804BD46}"
EndProject
Global
	GlobalSection(SolutionConfigurationPlatforms) = preSolution
		Debug|Any CPU = Debug|Any CPU
		Release|Any CPU = Release|Any CPU
	EndGlobalSection
	GlobalSection(ProjectConfigurationPlatforms) = postSolution
		{EF642351-72A6-458B-8DED-2CC4A804BD46}.Debug|Any CPU.ActiveCfg = Debug|Any CPU
		{EF642351-72A6-458B-8DED-2CC4A804BD46}.Debug|Any CPU.Build.0 = Debug|Any CPU
		{EF642351-72A6-458B-8DED-2CC4A804BD46}.Release|Any CPU.ActiveCfg = Release|Any CPU
		{EF642351-72A6-458B-8DED-2CC4A804BD46}.Release|Any CPU.Build.0 = Release|Any CPU
	EndGlobalSection
EndGlobal
